
Microsoft Visual Studio Solution File, Format Version 12.00
# Visual Studio 15
VisualStudioVersion = 15.0.27428.2037
MinimumVisualStudioVersion = 10.0.40219.1
Project("{FAE04EC0-301F-11D3-BF4B-00C04F79EFBC}") = "Project4.Android", "Project4\Project4.Android\Project4.Android.csproj", "{E761CE26-15C8-42F6-9CE3-749B32ACE5FE}"
EndProject
Project("{FAE04EC0-301F-11D3-BF4B-00C04F79EFBC}") = "Project4.iOS", "Project4\Project4.iOS\Project4.iOS.csproj", "{6997CAA2-F3E1-4B06-B1FD-46942C4CD3B8}"
EndProject
Project("{FAE04EC0-301F-11D3-BF4B-00C04F79EFBC}") = "Project4.UWP", "Project4\Project4.UWP\Project4.UWP.csproj", "{BF59445E-DE04-44B3-B621-E5FB730703E0}"
EndProject
Project("{FAE04EC0-301F-11D3-BF4B-00C04F79EFBC}") = "Project4", "Project4\Project4\Project4.csproj", "{63ED98C7-72DD-4909-AE3C-C4CF37647805}"
EndProject
Global
	GlobalSection(SolutionConfigurationPlatforms) = preSolution
		Ad-Hoc|Any CPU = Ad-Hoc|Any CPU
		Ad-Hoc|ARM = Ad-Hoc|ARM
		Ad-Hoc|iPhone = Ad-Hoc|iPhone
		Ad-Hoc|iPhoneSimulator = Ad-Hoc|iPhoneSimulator
		Ad-Hoc|x64 = Ad-Hoc|x64
		Ad-Hoc|x86 = Ad-Hoc|x86
		AppStore|Any CPU = AppStore|Any CPU
		AppStore|ARM = AppStore|ARM
		AppStore|iPhone = AppStore|iPhone
		AppStore|iPhoneSimulator = AppStore|iPhoneSimulator
		AppStore|x64 = AppStore|x64
		AppStore|x86 = AppStore|x86
		Debug|Any CPU = Debug|Any CPU
		Debug|ARM = Debug|ARM
		Debug|iPhone = Debug|iPhone
		Debug|iPhoneSimulator = Debug|iPhoneSimulator
		Debug|x64 = Debug|x64
		Debug|x86 = Debug|x86
		Release|Any CPU = Release|Any CPU
		Release|ARM = Release|ARM
		Release|iPhone = Release|iPhone
		Release|iPhoneSimulator = Release|iPhoneSimulator
		Release|x64 = Release|x64
		Release|x86 = Release|x86
	EndGlobalSection
	GlobalSection(ProjectConfigurationPlatforms) = postSolution
		{E761CE26-15C8-42F6-9CE3-749B32ACE5FE}.Ad-Hoc|Any CPU.ActiveCfg = Release|Any CPU
		{E761CE26-15C8-42F6-9CE3-749B32ACE5FE}.Ad-Hoc|Any CPU.Build.0 = Release|Any CPU
		{E761CE26-15C8-42F6-9CE3-749B32ACE5FE}.Ad-Hoc|Any CPU.Deploy.0 = Release|Any CPU
		{E761CE26-15C8-42F6-9CE3-749B32ACE5FE}.Ad-Hoc|ARM.ActiveCfg = Release|Any CPU
		{E761CE26-15C8-42F6-9CE3-749B32ACE5FE}.Ad-Hoc|ARM.Build.0 = Release|Any CPU
		{E761CE26-15C8-42F6-9CE3-749B32ACE5FE}.Ad-Hoc|ARM.Deploy.0 = Release|Any CPU
		{E761CE26-15C8-42F6-9CE3-749B32ACE5FE}.Ad-Hoc|iPhone.ActiveCfg = Release|Any CPU
		{E761CE26-15C8-42F6-9CE3-749B32ACE5FE}.Ad-Hoc|iPhone.Build.0 = Release|Any CPU
		{E761CE26-15C8-42F6-9CE3-749B32ACE5FE}.Ad-Hoc|iPhone.Deploy.0 = Release|Any CPU
		{E761CE26-15C8-42F6-9CE3-749B32ACE5FE}.Ad-Hoc|iPhoneSimulator.ActiveCfg = Release|Any CPU
		{E761CE26-15C8-42F6-9CE3-749B32ACE5FE}.Ad-Hoc|iPhoneSimulator.Build.0 = Release|Any CPU
		{E761CE26-15C8-42F6-9CE3-749B32ACE5FE}.Ad-Hoc|iPhoneSimulator.Deploy.0 = Release|Any CPU
		{E761CE26-15C8-42F6-9CE3-749B32ACE5FE}.Ad-Hoc|x64.ActiveCfg = Release|Any CPU
		{E761CE26-15C8-42F6-9CE3-749B32ACE5FE}.Ad-Hoc|x64.Build.0 = Release|Any CPU
		{E761CE26-15C8-42F6-9CE3-749B32ACE5FE}.Ad-Hoc|x64.Deploy.0 = Release|Any CPU
		{E761CE26-15C8-42F6-9CE3-749B32ACE5FE}.Ad-Hoc|x86.ActiveCfg = Release|Any CPU
		{E761CE26-15C8-42F6-9CE3-749B32ACE5FE}.Ad-Hoc|x86.Build.0 = Release|Any CPU
		{E761CE26-15C8-42F6-9CE3-749B32ACE5FE}.Ad-Hoc|x86.Deploy.0 = Release|Any CPU
		{E761CE26-15C8-42F6-9CE3-749B32ACE5FE}.AppStore|Any CPU.ActiveCfg = Release|Any CPU
		{E761CE26-15C8-42F6-9CE3-749B32ACE5FE}.AppStore|Any CPU.Build.0 = Release|Any CPU
		{E761CE26-15C8-42F6-9CE3-749B32ACE5FE}.AppStore|Any CPU.Deploy.0 = Release|Any CPU
		{E761CE26-15C8-42F6-9CE3-749B32ACE5FE}.AppStore|ARM.ActiveCfg = Release|Any CPU
		{E761CE26-15C8-42F6-9CE3-749B32ACE5FE}.AppStore|ARM.Build.0 = Release|Any CPU
		{E761CE26-15C8-42F6-9CE3-749B32ACE5FE}.AppStore|ARM.Deploy.0 = Release|Any CPU
		{E761CE26-15C8-42F6-9CE3-749B32ACE5FE}.AppStore|iPhone.ActiveCfg = Release|Any CPU
		{E761CE26-15C8-42F6-9CE3-749B32ACE5FE}.AppStore|iPhone.Build.0 = Release|Any CPU
		{E761CE26-15C8-42F6-9CE3-749B32ACE5FE}.AppStore|iPhone.Deploy.0 = Release|Any CPU
		{E761CE26-15C8-42F6-9CE3-749B32ACE5FE}.AppStore|iPhoneSimulator.ActiveCfg = Release|Any CPU
		{E761CE26-15C8-42F6-9CE3-749B32ACE5FE}.AppStore|iPhoneSimulator.Build.0 = Release|Any CPU
		{E761CE26-15C8-42F6-9CE3-749B32ACE5FE}.AppStore|iPhoneSimulator.Deploy.0 = Release|Any CPU
		{E761CE26-15C8-42F6-9CE3-749B32ACE5FE}.AppStore|x64.ActiveCfg = Release|Any CPU
		{E761CE26-15C8-42F6-9CE3-749B32ACE5FE}.AppStore|x64.Build.0 = Release|Any CPU
		{E761CE26-15C8-42F6-9CE3-749B32ACE5FE}.AppStore|x64.Deploy.0 = Release|Any CPU
		{E761CE26-15C8-42F6-9CE3-749B32ACE5FE}.AppStore|x86.ActiveCfg = Release|Any CPU
		{E761CE26-15C8-42F6-9CE3-749B32ACE5FE}.AppStore|x86.Build.0 = Release|Any CPU
		{E761CE26-15C8-42F6-9CE3-749B32ACE5FE}.AppStore|x86.Deploy.0 = Release|Any CPU
		{E761CE26-15C8-42F6-9CE3-749B32ACE5FE}.Debug|Any CPU.ActiveCfg = Debug|Any CPU
		{E761CE26-15C8-42F6-9CE3-749B32ACE5FE}.Debug|Any CPU.Build.0 = Debug|Any CPU
		{E761CE26-15C8-42F6-9CE3-749B32ACE5FE}.Debug|Any CPU.Deploy.0 = Debug|Any CPU
		{E761CE26-15C8-42F6-9CE3-749B32ACE5FE}.Debug|ARM.ActiveCfg = Debug|Any CPU
		{E761CE26-15C8-42F6-9CE3-749B32ACE5FE}.Debug|ARM.Build.0 = Debug|Any CPU
		{E761CE26-15C8-42F6-9CE3-749B32ACE5FE}.Debug|ARM.Deploy.0 = Debug|Any CPU
		{E761CE26-15C8-42F6-9CE3-749B32ACE5FE}.Debug|iPhone.ActiveCfg = Debug|Any CPU
		{E761CE26-15C8-42F6-9CE3-749B32ACE5FE}.Debug|iPhone.Build.0 = Debug|Any CPU
		{E761CE26-15C8-42F6-9CE3-749B32ACE5FE}.Debug|iPhone.Deploy.0 = Debug|Any CPU
		{E761CE26-15C8-42F6-9CE3-749B32ACE5FE}.Debug|iPhoneSimulator.ActiveCfg = Debug|Any CPU
		{E761CE26-15C8-42F6-9CE3-749B32ACE5FE}.Debug|iPhoneSimulator.Build.0 = Debug|Any CPU
		{E761CE26-15C8-42F6-9CE3-749B32ACE5FE}.Debug|iPhoneSimulator.Deploy.0 = Debug|Any CPU
		{E761CE26-15C8-42F6-9CE3-749B32ACE5FE}.Debug|x64.ActiveCfg = Debug|Any CPU
		{E761CE26-15C8-42F6-9CE3-749B32ACE5FE}.Debug|x64.Build.0 = Debug|Any CPU
		{E761CE26-15C8-42F6-9CE3-749B32ACE5FE}.Debug|x64.Deploy.0 = Debug|Any CPU
		{E761CE26-15C8-42F6-9CE3-749B32ACE5FE}.Debug|x86.ActiveCfg = Debug|Any CPU
		{E761CE26-15C8-42F6-9CE3-749B32ACE5FE}.Debug|x86.Build.0 = Debug|Any CPU
		{E761CE26-15C8-42F6-9CE3-749B32ACE5FE}.Debug|x86.Deploy.0 = Debug|Any CPU
		{E761CE26-15C8-42F6-9CE3-749B32ACE5FE}.Release|Any CPU.ActiveCfg = Release|Any CPU
		{E761CE26-15C8-42F6-9CE3-749B32ACE5FE}.Release|Any CPU.Build.0 = Release|Any CPU
		{E761CE26-15C8-42F6-9CE3-749B32ACE5FE}.Release|Any CPU.Deploy.0 = Release|Any CPU
		{E761CE26-15C8-42F6-9CE3-749B32ACE5FE}.Release|ARM.ActiveCfg = Release|Any CPU
		{E761CE26-15C8-42F6-9CE3-749B32ACE5FE}.Release|ARM.Build.0 = Release|Any CPU
		{E761CE26-15C8-42F6-9CE3-749B32ACE5FE}.Release|ARM.Deploy.0 = Release|Any CPU
		{E761CE26-15C8-42F6-9CE3-749B32ACE5FE}.Release|iPhone.ActiveCfg = Release|Any CPU
		{E761CE26-15C8-42F6-9CE3-749B32ACE5FE}.Release|iPhone.Build.0 = Release|Any CPU
		{E761CE26-15C8-42F6-9CE3-749B32ACE5FE}.Release|iPhone.Deploy.0 = Release|Any CPU
		{E761CE26-15C8-42F6-9CE3-749B32ACE5FE}.Release|iPhoneSimulator.ActiveCfg = Release|Any CPU
		{E761CE26-15C8-42F6-9CE3-749B32ACE5FE}.Release|iPhoneSimulator.Build.0 = Release|Any CPU
		{E761CE26-15C8-42F6-9CE3-749B32ACE5FE}.Release|iPhoneSimulator.Deploy.0 = Release|Any CPU
		{E761CE26-15C8-42F6-9CE3-749B32ACE5FE}.Release|x64.ActiveCfg = Release|Any CPU
		{E761CE26-15C8-42F6-9CE3-749B32ACE5FE}.Release|x64.Build.0 = Release|Any CPU
		{E761CE26-15C8-42F6-9CE3-749B32ACE5FE}.Release|x64.Deploy.0 = Release|Any CPU
		{E761CE26-15C8-42F6-9CE3-749B32ACE5FE}.Release|x86.ActiveCfg = Release|Any CPU
		{E761CE26-15C8-42F6-9CE3-749B32ACE5FE}.Release|x86.Build.0 = Release|Any CPU
		{E761CE26-15C8-42F6-9CE3-749B32ACE5FE}.Release|x86.Deploy.0 = Release|Any CPU
		{6997CAA2-F3E1-4B06-B1FD-46942C4CD3B8}.Ad-Hoc|Any CPU.ActiveCfg = Ad-Hoc|iPhone
		{6997CAA2-F3E1-4B06-B1FD-46942C4CD3B8}.Ad-Hoc|ARM.ActiveCfg = Ad-Hoc|iPhone
		{6997CAA2-F3E1-4B06-B1FD-46942C4CD3B8}.Ad-Hoc|iPhone.ActiveCfg = Ad-Hoc|iPhone
		{6997CAA2-F3E1-4B06-B1FD-46942C4CD3B8}.Ad-Hoc|iPhone.Build.0 = Ad-Hoc|iPhone
		{6997CAA2-F3E1-4B06-B1FD-46942C4CD3B8}.Ad-Hoc|iPhoneSimulator.ActiveCfg = Ad-Hoc|iPhoneSimulator
		{6997CAA2-F3E1-4B06-B1FD-46942C4CD3B8}.Ad-Hoc|iPhoneSimulator.Build.0 = Ad-Hoc|iPhoneSimulator
		{6997CAA2-F3E1-4B06-B1FD-46942C4CD3B8}.Ad-Hoc|x64.ActiveCfg = Ad-Hoc|iPhone
		{6997CAA2-F3E1-4B06-B1FD-46942C4CD3B8}.Ad-Hoc|x86.ActiveCfg = Ad-Hoc|iPhone
		{6997CAA2-F3E1-4B06-B1FD-46942C4CD3B8}.AppStore|Any CPU.ActiveCfg = AppStore|iPhone
		{6997CAA2-F3E1-4B06-B1FD-46942C4CD3B8}.AppStore|ARM.ActiveCfg = AppStore|iPhone
		{6997CAA2-F3E1-4B06-B1FD-46942C4CD3B8}.AppStore|iPhone.ActiveCfg = AppStore|iPhone
		{6997CAA2-F3E1-4B06-B1FD-46942C4CD3B8}.AppStore|iPhone.Build.0 = AppStore|iPhone
		{6997CAA2-F3E1-4B06-B1FD-46942C4CD3B8}.AppStore|iPhoneSimulator.ActiveCfg = AppStore|iPhoneSimulator
		{6997CAA2-F3E1-4B06-B1FD-46942C4CD3B8}.AppStore|iPhoneSimulator.Build.0 = AppStore|iPhoneSimulator
		{6997CAA2-F3E1-4B06-B1FD-46942C4CD3B8}.AppStore|x64.ActiveCfg = AppStore|iPhone
		{6997CAA2-F3E1-4B06-B1FD-46942C4CD3B8}.AppStore|x86.ActiveCfg = AppStore|iPhone
		{6997CAA2-F3E1-4B06-B1FD-46942C4CD3B8}.Debug|Any CPU.ActiveCfg = Debug|iPhone
		{6997CAA2-F3E1-4B06-B1FD-46942C4CD3B8}.Debug|ARM.ActiveCfg = Debug|iPhone
		{6997CAA2-F3E1-4B06-B1FD-46942C4CD3B8}.Debug|iPhone.ActiveCfg = Debug|iPhone
		{6997CAA2-F3E1-4B06-B1FD-46942C4CD3B8}.Debug|iPhone.Build.0 = Debug|iPhone
		{6997CAA2-F3E1-4B06-B1FD-46942C4CD3B8}.Debug|iPhoneSimulator.ActiveCfg = Debug|iPhoneSimulator
		{6997CAA2-F3E1-4B06-B1FD-46942C4CD3B8}.Debug|iPhoneSimulator.Build.0 = Debug|iPhoneSimulator
		{6997CAA2-F3E1-4B06-B1FD-46942C4CD3B8}.Debug|x64.ActiveCfg = Debug|iPhone
		{6997CAA2-F3E1-4B06-B1FD-46942C4CD3B8}.Debug|x86.ActiveCfg = Debug|iPhone
		{6997CAA2-F3E1-4B06-B1FD-46942C4CD3B8}.Release|Any CPU.ActiveCfg = Release|iPhone
		{6997CAA2-F3E1-4B06-B1FD-46942C4CD3B8}.Release|ARM.ActiveCfg = Release|iPhone
		{6997CAA2-F3E1-4B06-B1FD-46942C4CD3B8}.Release|iPhone.ActiveCfg = Release|iPhone
		{6997CAA2-F3E1-4B06-B1FD-46942C4CD3B8}.Release|iPhone.Build.0 = Release|iPhone
		{6997CAA2-F3E1-4B06-B1FD-46942C4CD3B8}.Release|iPhoneSimulator.ActiveCfg = Release|iPhoneSimulator
		{6997CAA2-F3E1-4B06-B1FD-46942C4CD3B8}.Release|iPhoneSimulator.Build.0 = Release|iPhoneSimulator
		{6997CAA2-F3E1-4B06-B1FD-46942C4CD3B8}.Release|x64.ActiveCfg = Release|iPhone
		{6997CAA2-F3E1-4B06-B1FD-46942C4CD3B8}.Release|x86.ActiveCfg = Release|iPhone
		{BF59445E-DE04-44B3-B621-E5FB730703E0}.Ad-Hoc|Any CPU.ActiveCfg = Release|x86
		{BF59445E-DE04-44B3-B621-E5FB730703E0}.Ad-Hoc|Any CPU.Build.0 = Release|x86
		{BF59445E-DE04-44B3-B621-E5FB730703E0}.Ad-Hoc|Any CPU.Deploy.0 = Release|x86
		{BF59445E-DE04-44B3-B621-E5FB730703E0}.Ad-Hoc|ARM.ActiveCfg = Release|ARM
		{BF59445E-DE04-44B3-B621-E5FB730703E0}.Ad-Hoc|ARM.Build.0 = Release|ARM
		{BF59445E-DE04-44B3-B621-E5FB730703E0}.Ad-Hoc|ARM.Deploy.0 = Release|ARM
		{BF59445E-DE04-44B3-B621-E5FB730703E0}.Ad-Hoc|iPhone.ActiveCfg = Release|x86
		{BF59445E-DE04-44B3-B621-E5FB730703E0}.Ad-Hoc|iPhone.Build.0 = Release|x86
		{BF59445E-DE04-44B3-B621-E5FB730703E0}.Ad-Hoc|iPhone.Deploy.0 = Release|x86
		{BF59445E-DE04-44B3-B621-E5FB730703E0}.Ad-Hoc|iPhoneSimulator.ActiveCfg = Release|x86
		{BF59445E-DE04-44B3-B621-E5FB730703E0}.Ad-Hoc|iPhoneSimulator.Build.0 = Release|x86
		{BF59445E-DE04-44B3-B621-E5FB730703E0}.Ad-Hoc|iPhoneSimulator.Deploy.0 = Release|x86
		{BF59445E-DE04-44B3-B621-E5FB730703E0}.Ad-Hoc|x64.ActiveCfg = Release|x64
		{BF59445E-DE04-44B3-B621-E5FB730703E0}.Ad-Hoc|x64.Build.0 = Release|x64
		{BF59445E-DE04-44B3-B621-E5FB730703E0}.Ad-Hoc|x64.Deploy.0 = Release|x64
		{BF59445E-DE04-44B3-B621-E5FB730703E0}.Ad-Hoc|x86.ActiveCfg = Release|x86
		{BF59445E-DE04-44B3-B621-E5FB730703E0}.Ad-Hoc|x86.Build.0 = Release|x86
		{BF59445E-DE04-44B3-B621-E5FB730703E0}.Ad-Hoc|x86.Deploy.0 = Release|x86
		{BF59445E-DE04-44B3-B621-E5FB730703E0}.AppStore|Any CPU.ActiveCfg = Release|x86
		{BF59445E-DE04-44B3-B621-E5FB730703E0}.AppStore|Any CPU.Build.0 = Release|x86
		{BF59445E-DE04-44B3-B621-E5FB730703E0}.AppStore|Any CPU.Deploy.0 = Release|x86
		{BF59445E-DE04-44B3-B621-E5FB730703E0}.AppStore|ARM.ActiveCfg = Release|ARM
		{BF59445E-DE04-44B3-B621-E5FB730703E0}.AppStore|ARM.Build.0 = Release|ARM
		{BF59445E-DE04-44B3-B621-E5FB730703E0}.AppStore|ARM.Deploy.0 = Release|ARM
		{BF59445E-DE04-44B3-B621-E5FB730703E0}.AppStore|iPhone.ActiveCfg = Release|x86
		{BF59445E-DE04-44B3-B621-E5FB730703E0}.AppStore|iPhone.Build.0 = Release|x86
		{BF59445E-DE04-44B3-B621-E5FB730703E0}.AppStore|iPhone.Deploy.0 = Release|x86
		{BF59445E-DE04-44B3-B621-E5FB730703E0}.AppStore|iPhoneSimulator.ActiveCfg = Release|x86
		{BF59445E-DE04-44B3-B621-E5FB730703E0}.AppStore|iPhoneSimulator.Build.0 = Release|x86
		{BF59445E-DE04-44B3-B621-E5FB730703E0}.AppStore|iPhoneSimulator.Deploy.0 = Release|x86
		{BF59445E-DE04-44B3-B621-E5FB730703E0}.AppStore|x64.ActiveCfg = Release|x64
		{BF59445E-DE04-44B3-B621-E5FB730703E0}.AppStore|x64.Build.0 = Release|x64
		{BF59445E-DE04-44B3-B621-E5FB730703E0}.AppStore|x64.Deploy.0 = Release|x64
		{BF59445E-DE04-44B3-B621-E5FB730703E0}.AppStore|x86.ActiveCfg = Release|x86
		{BF59445E-DE04-44B3-B621-E5FB730703E0}.AppStore|x86.Build.0 = Release|x86
		{BF59445E-DE04-44B3-B621-E5FB730703E0}.AppStore|x86.Deploy.0 = Release|x86
		{BF59445E-DE04-44B3-B621-E5FB730703E0}.Debug|Any CPU.ActiveCfg = Debug|x86
		{BF59445E-DE04-44B3-B621-E5FB730703E0}.Debug|ARM.ActiveCfg = Debug|ARM
		{BF59445E-DE04-44B3-B621-E5FB730703E0}.Debug|ARM.Build.0 = Debug|ARM
		{BF59445E-DE04-44B3-B621-E5FB730703E0}.Debug|ARM.Deploy.0 = Debug|ARM
		{BF59445E-DE04-44B3-B621-E5FB730703E0}.Debug|iPhone.ActiveCfg = Debug|x86
		{BF59445E-DE04-44B3-B621-E5FB730703E0}.Debug|iPhoneSimulator.ActiveCfg = Debug|x86
		{BF59445E-DE04-44B3-B621-E5FB730703E0}.Debug|x64.ActiveCfg = Debug|x64
		{BF59445E-DE04-44B3-B621-E5FB730703E0}.Debug|x64.Build.0 = Debug|x64
		{BF59445E-DE04-44B3-B621-E5FB730703E0}.Debug|x64.Deploy.0 = Debug|x64
		{BF59445E-DE04-44B3-B621-E5FB730703E0}.Debug|x86.ActiveCfg = Debug|x86
		{BF59445E-DE04-44B3-B621-E5FB730703E0}.Debug|x86.Build.0 = Debug|x86
		{BF59445E-DE04-44B3-B621-E5FB730703E0}.Debug|x86.Deploy.0 = Debug|x86
		{BF59445E-DE04-44B3-B621-E5FB730703E0}.Release|Any CPU.ActiveCfg = Release|x86
		{BF59445E-DE04-44B3-B621-E5FB730703E0}.Release|ARM.ActiveCfg = Release|ARM
		{BF59445E-DE04-44B3-B621-E5FB730703E0}.Release|ARM.Build.0 = Release|ARM
		{BF59445E-DE04-44B3-B621-E5FB730703E0}.Release|ARM.Deploy.0 = Release|ARM
		{BF59445E-DE04-44B3-B621-E5FB730703E0}.Release|iPhone.ActiveCfg = Release|x86
		{BF59445E-DE04-44B3-B621-E5FB730703E0}.Release|iPhoneSimulator.ActiveCfg = Release|x86
		{BF59445E-DE04-44B3-B621-E5FB730703E0}.Release|x64.ActiveCfg = Release|x64
		{BF59445E-DE04-44B3-B621-E5FB730703E0}.Release|x64.Build.0 = Release|x64
		{BF59445E-DE04-44B3-B621-E5FB730703E0}.Release|x64.Deploy.0 = Release|x64
		{BF59445E-DE04-44B3-B621-E5FB730703E0}.Release|x86.ActiveCfg = Release|x86
		{BF59445E-DE04-44B3-B621-E5FB730703E0}.Release|x86.Build.0 = Release|x86
		{BF59445E-DE04-44B3-B621-E5FB730703E0}.Release|x86.Deploy.0 = Release|x86
		{63ED98C7-72DD-4909-AE3C-C4CF37647805}.Ad-Hoc|Any CPU.ActiveCfg = Debug|Any CPU
		{63ED98C7-72DD-4909-AE3C-C4CF37647805}.Ad-Hoc|Any CPU.Build.0 = Debug|Any CPU
		{63ED98C7-72DD-4909-AE3C-C4CF37647805}.Ad-Hoc|ARM.ActiveCfg = Debug|Any CPU
		{63ED98C7-72DD-4909-AE3C-C4CF37647805}.Ad-Hoc|ARM.Build.0 = Debug|Any CPU
		{63ED98C7-72DD-4909-AE3C-C4CF37647805}.Ad-Hoc|iPhone.ActiveCfg = Debug|Any CPU
		{63ED98C7-72DD-4909-AE3C-C4CF37647805}.Ad-Hoc|iPhone.Build.0 = Debug|Any CPU
		{63ED98C7-72DD-4909-AE3C-C4CF37647805}.Ad-Hoc|iPhoneSimulator.ActiveCfg = Debug|Any CPU
		{63ED98C7-72DD-4909-AE3C-C4CF37647805}.Ad-Hoc|iPhoneSimulator.Build.0 = Debug|Any CPU
		{63ED98C7-72DD-4909-AE3C-C4CF37647805}.Ad-Hoc|x64.ActiveCfg = Debug|Any CPU
		{63ED98C7-72DD-4909-AE3C-C4CF37647805}.Ad-Hoc|x64.Build.0 = Debug|Any CPU
		{63ED98C7-72DD-4909-AE3C-C4CF37647805}.Ad-Hoc|x86.ActiveCfg = Debug|Any CPU
		{63ED98C7-72DD-4909-AE3C-C4CF37647805}.Ad-Hoc|x86.Build.0 = Debug|Any CPU
		{63ED98C7-72DD-4909-AE3C-C4CF37647805}.AppStore|Any CPU.ActiveCfg = Debug|Any CPU
		{63ED98C7-72DD-4909-AE3C-C4CF37647805}.AppStore|Any CPU.Build.0 = Debug|Any CPU
		{63ED98C7-72DD-4909-AE3C-C4CF37647805}.AppStore|ARM.ActiveCfg = Debug|Any CPU
		{63ED98C7-72DD-4909-AE3C-C4CF37647805}.AppStore|ARM.Build.0 = Debug|Any CPU
		{63ED98C7-72DD-4909-AE3C-C4CF37647805}.AppStore|iPhone.ActiveCfg = Debug|Any CPU
		{63ED98C7-72DD-4909-AE3C-C4CF37647805}.AppStore|iPhone.Build.0 = Debug|Any CPU
		{63ED98C7-72DD-4909-AE3C-C4CF37647805}.AppStore|iPhoneSimulator.ActiveCfg = Debug|Any CPU
		{63ED98C7-72DD-4909-AE3C-C4CF37647805}.AppStore|iPhoneSimulator.Build.0 = Debug|Any CPU
		{63ED98C7-72DD-4909-AE3C-C4CF37647805}.AppStore|x64.ActiveCfg = Debug|Any CPU
		{63ED98C7-72DD-4909-AE3C-C4CF37647805}.AppStore|x64.Build.0 = Debug|Any CPU
		{63ED98C7-72DD-4909-AE3C-C4CF37647805}.AppStore|x86.ActiveCfg = Debug|Any CPU
		{63ED98C7-72DD-4909-AE3C-C4CF37647805}.AppStore|x86.Build.0 = Debug|Any CPU
		{63ED98C7-72DD-4909-AE3C-C4CF37647805}.Debug|Any CPU.ActiveCfg = Debug|Any CPU
		{63ED98C7-72DD-4909-AE3C-C4CF37647805}.Debug|Any CPU.Build.0 = Debug|Any CPU
		{63ED98C7-72DD-4909-AE3C-C4CF37647805}.Debug|ARM.ActiveCfg = Debug|Any CPU
		{63ED98C7-72DD-4909-AE3C-C4CF37647805}.Debug|ARM.Build.0 = Debug|Any CPU
		{63ED98C7-72DD-4909-AE3C-C4CF37647805}.Debug|iPhone.ActiveCfg = Debug|Any CPU
		{63ED98C7-72DD-4909-AE3C-C4CF37647805}.Debug|iPhone.Build.0 = Debug|Any CPU
		{63ED98C7-72DD-4909-AE3C-C4CF37647805}.Debug|iPhoneSimulator.ActiveCfg = Debug|Any CPU
		{63ED98C7-72DD-4909-AE3C-C4CF37647805}.Debug|iPhoneSimulator.Build.0 = Debug|Any CPU
		{63ED98C7-72DD-4909-AE3C-C4CF37647805}.Debug|x64.ActiveCfg = Debug|Any CPU
		{63ED98C7-72DD-4909-AE3C-C4CF37647805}.Debug|x64.Build.0 = Debug|Any CPU
		{63ED98C7-72DD-4909-AE3C-C4CF37647805}.Debug|x86.ActiveCfg = Debug|Any CPU
		{63ED98C7-72DD-4909-AE3C-C4CF37647805}.Debug|x86.Build.0 = Debug|Any CPU
		{63ED98C7-72DD-4909-AE3C-C4CF37647805}.Release|Any CPU.ActiveCfg = Release|Any CPU
		{63ED98C7-72DD-4909-AE3C-C4CF37647805}.Release|Any CPU.Build.0 = Release|Any CPU
		{63ED98C7-72DD-4909-AE3C-C4CF37647805}.Release|ARM.ActiveCfg = Release|Any CPU
		{63ED98C7-72DD-4909-AE3C-C4CF37647805}.Release|ARM.Build.0 = Release|Any CPU
		{63ED98C7-72DD-4909-AE3C-C4CF37647805}.Release|iPhone.ActiveCfg = Release|Any CPU
		{63ED98C7-72DD-4909-AE3C-C4CF37647805}.Release|iPhone.Build.0 = Release|Any CPU
		{63ED98C7-72DD-4909-AE3C-C4CF37647805}.Release|iPhoneSimulator.ActiveCfg = Release|Any CPU
		{63ED98C7-72DD-4909-AE3C-C4CF37647805}.Release|iPhoneSimulator.Build.0 = Release|Any CPU
		{63ED98C7-72DD-4909-AE3C-C4CF37647805}.Release|x64.ActiveCfg = Release|Any CPU
		{63ED98C7-72DD-4909-AE3C-C4CF37647805}.Release|x64.Build.0 = Release|Any CPU
		{63ED98C7-72DD-4909-AE3C-C4CF37647805}.Release|x86.ActiveCfg = Release|Any CPU
		{63ED98C7-72DD-4909-AE3C-C4CF37647805}.Release|x86.Build.0 = Release|Any CPU
	EndGlobalSection
	GlobalSection(SolutionProperties) = preSolution
		HideSolutionNode = FALSE
	EndGlobalSection
	GlobalSection(ExtensibilityGlobals) = postSolution
		SolutionGuid = {E990486B-67CF-4D6B-8075-3A5726EBE03B}
	EndGlobalSection
EndGlobal
